{
  "version": 4,
  "terraform_version": "1.2.8",
  "serial": 16,
  "lineage": "897ca9aa-80e9-6833-96c0-7c9736b1edd5",
  "outputs": {},
  "resources": [
    {
      "mode": "managed",
      "type": "google_compute_network",
      "name": "vpc_network",
      "provider": "provider[\"registry.terraform.io/hashicorp/google\"]",
      "instances": [
        {
          "schema_version": 0,
          "attributes": {
            "auto_create_subnetworks": true,
            "delete_default_routes_on_create": false,
            "description": "",
            "enable_ula_internal_ipv6": false,
            "gateway_ipv4": "",
            "id": "projects/fine-bit-361518/global/networks/bc-network",
            "internal_ipv6_range": "",
            "mtu": 0,
            "name": "bc-network",
            "project": "fine-bit-361518",
            "routing_mode": "REGIONAL",
            "self_link": "https://www.googleapis.com/compute/v1/projects/fine-bit-361518/global/networks/bc-network",
            "timeouts": null
          },
          "sensitive_attributes": [],
          "private": "eyJlMmJmYjczMC1lY2FhLTExZTYtOGY4OC0zNDM2M2JjN2M0YzAiOnsiY3JlYXRlIjoxMjAwMDAwMDAwMDAwLCJkZWxldGUiOjEyMDAwMDAwMDAwMDAsInVwZGF0ZSI6MTIwMDAwMDAwMDAwMH19"
        }
      ]
    },
    {
      "mode": "managed",
      "type": "google_container_cluster",
      "name": "bootcamp",
      "provider": "provider[\"registry.terraform.io/hashicorp/google\"]",
      "instances": [
        {
          "schema_version": 1,
          "attributes": {
            "addons_config": [
              {
                "cloudrun_config": [],
                "dns_cache_config": [],
                "gce_persistent_disk_csi_driver_config": [
                  {
                    "enabled": true
                  }
                ],
                "gcp_filestore_csi_driver_config": [],
                "horizontal_pod_autoscaling": [],
                "http_load_balancing": [],
                "network_policy_config": [
                  {
                    "disabled": true
                  }
                ]
              }
            ],
            "authenticator_groups_config": [],
            "binary_authorization": [
              {
                "enabled": false,
                "evaluation_mode": ""
              }
            ],
            "cluster_autoscaling": [
              {
                "auto_provisioning_defaults": [],
                "enabled": false,
                "resource_limits": []
              }
            ],
            "cluster_ipv4_cidr": "10.0.0.0/14",
            "confidential_nodes": [],
            "database_encryption": [
              {
                "key_name": "",
                "state": "DECRYPTED"
              }
            ],
            "datapath_provider": "",
            "default_max_pods_per_node": null,
            "default_snat_status": [
              {
                "disabled": false
              }
            ],
            "description": "",
            "dns_config": [],
            "enable_autopilot": false,
            "enable_binary_authorization": false,
            "enable_intranode_visibility": false,
            "enable_kubernetes_alpha": false,
            "enable_legacy_abac": false,
            "enable_shielded_nodes": true,
            "enable_tpu": false,
            "endpoint": "35.199.181.211",
            "id": "projects/fine-bit-361518/locations/us-west1-b/clusters/bc-gke",
            "initial_node_count": 1,
            "ip_allocation_policy": [],
            "label_fingerprint": "a9dc16a7",
            "location": "us-west1-b",
            "logging_config": [
              {
                "enable_components": [
                  "SYSTEM_COMPONENTS",
                  "WORKLOADS"
                ]
              }
            ],
            "logging_service": "logging.googleapis.com/kubernetes",
            "maintenance_policy": [],
            "master_auth": [
              {
                "client_certificate": "",
                "client_certificate_config": [
                  {
                    "issue_client_certificate": false
                  }
                ],
                "client_key": "",
                "cluster_ca_certificate": "LS0tLS1CRUdJTiBDRVJUSUZJQ0FURS0tLS0tCk1JSUVMVENDQXBXZ0F3SUJBZ0lSQUt4YWI5REozUk1sb2k4dTdtcDd1MU13RFFZSktvWklodmNOQVFFTEJRQXcKTHpFdE1Dc0dBMVVFQXhNa1pHWTNOakkyTldNdE1ETTVNeTAwTWpWbExXRTBZakl0TVRJNU5XSmxZVEU1WkRsaApNQ0FYRFRJeU1Ea3dOVEU0TkRrek1Wb1lEekl3TlRJd09ESTRNVGswT1RNeFdqQXZNUzB3S3dZRFZRUURFeVJrClpqYzJNalkxWXkwd016a3pMVFF5TldVdFlUUmlNaTB4TWprMVltVmhNVGxrT1dFd2dnR2lNQTBHQ1NxR1NJYjMKRFFFQkFRVUFBNElCandBd2dnR0tBb0lCZ1FDZDJpdzFCYmZQT25SM2Nzcm8xb2FTZjdnaFl4akNOZ0FZcGlxVAppbzRDeUNPNEphYS9sbWJ1KzFwZ215RXZpSzRLK1BnbzY2S1NadGxpUmM1QkE1bHQ0OXBJTkwxWThqMDBZWHV6CldPZ1E2Y2g1b3orNExUSEN4aFdrbzl3aWpWQ0I3ZzVEZml1aUdWMXU5QkFVTW4zWUcwMnA4VUwxY2oyaTBKTTMKdzk0dW5uajNGK3BqWUc4cVhROGVRM1h2bGlOVk9ZM21RWjBBY3NBdDQ3dDBtS1VXVWxMdlBsdmxjeVlJRHB2VQpYT3JzekkzcVJ2U2dES0NRVk1OWkFsTXdOcHlxU0dOc3A4SThwZGFMR2xzK1N5SHljaWNtOThCdmRTUVZPS3hUCjdiTU8wVDFkSGRtSmRaN0hSbHN2TWRGVnRSbUNmbUNaUEVLWnZFclBWN1pJWkRSZkV3YXBhZUVrMVVRN25ZY1kKMlBsWmdyeHhOTWV1KzdONWF0alp3UUNtTWoxdzBlTDJ1UG9sVGpWTUpXS2M2ZGpnd0dmMXdZWVprUEtORGVvYworMWtFTjBPUFNYOGYxYVpJS0FLWmphbDZyYlAvUmxjWVBPeWpsNVpGSm5PVk1STllIUklublE3V2t1YXNkSDcvClNZQzBrcTlJQzBqQmtvRCt4ckg1RHBXOFhUMENBd0VBQWFOQ01FQXdEZ1lEVlIwUEFRSC9CQVFEQWdJRU1BOEcKQTFVZEV3RUIvd1FGTUFNQkFmOHdIUVlEVlIwT0JCWUVGTFBYemxlaC81UEFHNzRlYU5tOUV6Y2FUVERtTUEwRwpDU3FHU0liM0RRRUJDd1VBQTRJQmdRQlJJbXJQTWRRRlRVczFWRitUYzUyV3JNWGlZS2l6S2QwVS80ZmltU1ZqClU5UWM5UmI4Rm9ZdUEzQkgyQnRSQzlHUFVJdVI1UGhRZ3hRR3JQTXd5c0lZVjY0cHdGTWhHR3RaVnNaSlAwaTEKaWt0bjl3VnpvVkdqVVZ1SjNxU01yK0gwSXJCR0h5WWtmSlltampJdjM5L1RUamxDRUVYMkdXU0RBWGtpU2RTdAp3YmgvY1hsVWtvQXVpOEFlME90UVdOSWhnVTlSTU4wcjFQT05hd0dGNDVrQmdDNmxiYWMwUWpSdUkvaUNGbjBICmFGVU1rcEVRK0wwRmhrQjd6bng1aE55M0NnR3Rvck5vKy95dFBKcW5lVzBaNVc4WHZHbGtQOFIrVkxNamRZQ2YKcUErVGJYVlhkRlJyU1J2WnZIY0daS3M1NnZ6Nms3cStBcXBWbVM4T24zM0hHeW1nWTZkcFVJVFhZUnBaUHcyVQp4TW1kVHp6ajU3RjNxTW5LdkxSVis2cmZDNVhCbjZTSGV1QnVxRTZvYXZ2TWpSbHRLbWFqVk9PbDJhNUxZcFI0CkhCazAwbW5qWVpHdldLWHJXNG51dXdMOXFxZENtakZFVlFnRlZGWUhEN04zT1owRlBFOU1MV3BVRTA5M1hjMUsKdUViWXZXOFdoSFlLRHhESGdmalM1bzQ9Ci0tLS0tRU5EIENFUlRJRklDQVRFLS0tLS0K"
              }
            ],
            "master_authorized_networks_config": [],
            "master_version": "1.22.11-gke.400",
            "mesh_certificates": [],
            "min_master_version": null,
            "monitoring_config": [
              {
                "enable_components": [
                  "SYSTEM_COMPONENTS"
                ]
              }
            ],
            "monitoring_service": "monitoring.googleapis.com/kubernetes",
            "name": "bc-gke",
            "network": "projects/fine-bit-361518/global/networks/bc-network",
            "network_policy": [
              {
                "enabled": false,
                "provider": "PROVIDER_UNSPECIFIED"
              }
            ],
            "networking_mode": "ROUTES",
            "node_config": [],
            "node_locations": [],
            "node_pool": [],
            "node_version": "1.22.11-gke.400",
            "notification_config": [
              {
                "pubsub": [
                  {
                    "enabled": false,
                    "topic": ""
                  }
                ]
              }
            ],
            "operation": null,
            "private_cluster_config": [],
            "private_ipv6_google_access": "",
            "project": "fine-bit-361518",
            "release_channel": [
              {
                "channel": "REGULAR"
              }
            ],
            "remove_default_node_pool": true,
            "resource_labels": null,
            "resource_usage_export_config": [],
            "self_link": "https://container.googleapis.com/v1/projects/fine-bit-361518/zones/us-west1-b/clusters/bc-gke",
            "services_ipv4_cidr": "10.3.240.0/20",
            "subnetwork": "projects/fine-bit-361518/regions/us-west1/subnetworks/bc-network",
            "timeouts": null,
            "tpu_ipv4_cidr_block": "",
            "vertical_pod_autoscaling": [],
            "workload_identity_config": []
          },
          "sensitive_attributes": [],
          "private": "eyJlMmJmYjczMC1lY2FhLTExZTYtOGY4OC0zNDM2M2JjN2M0YzAiOnsiY3JlYXRlIjoyNDAwMDAwMDAwMDAwLCJkZWxldGUiOjI0MDAwMDAwMDAwMDAsInJlYWQiOjI0MDAwMDAwMDAwMDAsInVwZGF0ZSI6MzYwMDAwMDAwMDAwMH0sInNjaGVtYV92ZXJzaW9uIjoiMSJ9",
          "dependencies": [
            "google_compute_network.vpc_network"
          ]
        }
      ]
    },
    {
      "mode": "managed",
      "type": "google_container_node_pool",
      "name": "primary_preemptible_nodes",
      "provider": "provider[\"registry.terraform.io/hashicorp/google\"]",
      "instances": [
        {
          "schema_version": 1,
          "attributes": {
            "autoscaling": [],
            "cluster": "bc-gke",
            "id": "projects/fine-bit-361518/locations/us-west1-b/clusters/bc-gke/nodePools/bc-node-pool",
            "initial_node_count": 1,
            "instance_group_urls": [
              "https://www.googleapis.com/compute/v1/projects/fine-bit-361518/zones/us-west1-b/instanceGroupManagers/gke-bc-gke-bc-node-pool-cb0e95aa-grp"
            ],
            "location": "us-west1-b",
            "managed_instance_group_urls": [
              "https://www.googleapis.com/compute/v1/projects/fine-bit-361518/zones/us-west1-b/instanceGroups/gke-bc-gke-bc-node-pool-cb0e95aa-grp"
            ],
            "management": [
              {
                "auto_repair": true,
                "auto_upgrade": true
              }
            ],
            "max_pods_per_node": null,
            "name": "bc-node-pool",
            "name_prefix": "",
            "node_config": [
              {
                "boot_disk_kms_key": "",
                "disk_size_gb": 100,
                "disk_type": "pd-standard",
                "gcfs_config": [],
                "guest_accelerator": [],
                "gvnic": [],
                "image_type": "COS_CONTAINERD",
                "labels": {},
                "local_ssd_count": 0,
                "machine_type": "e2-medium",
                "metadata": {
                  "disable-legacy-endpoints": "true"
                },
                "min_cpu_platform": "",
                "node_group": "",
                "oauth_scopes": [
                  "https://www.googleapis.com/auth/cloud-platform"
                ],
                "preemptible": true,
                "reservation_affinity": [],
                "service_account": "bc-serviceaccount@fine-bit-361518.iam.gserviceaccount.com",
                "shielded_instance_config": [
                  {
                    "enable_integrity_monitoring": true,
                    "enable_secure_boot": false
                  }
                ],
                "spot": false,
                "tags": null,
                "taint": [],
                "workload_metadata_config": []
              }
            ],
            "node_count": 1,
            "node_locations": [
              "us-west1-b"
            ],
            "operation": null,
            "project": "fine-bit-361518",
            "timeouts": null,
            "upgrade_settings": [
              {
                "max_surge": 1,
                "max_unavailable": 0
              }
            ],
            "version": "1.22.11-gke.400"
          },
          "sensitive_attributes": [],
          "private": "eyJlMmJmYjczMC1lY2FhLTExZTYtOGY4OC0zNDM2M2JjN2M0YzAiOnsiY3JlYXRlIjoxODAwMDAwMDAwMDAwLCJkZWxldGUiOjE4MDAwMDAwMDAwMDAsInVwZGF0ZSI6MTgwMDAwMDAwMDAwMH0sInNjaGVtYV92ZXJzaW9uIjoiMSJ9",
          "dependencies": [
            "google_compute_network.vpc_network",
            "google_container_cluster.bootcamp",
            "google_service_account.nodepool"
          ]
        }
      ]
    },
    {
      "mode": "managed",
      "type": "google_service_account",
      "name": "nodepool",
      "provider": "provider[\"registry.terraform.io/hashicorp/google\"]",
      "instances": [
        {
          "schema_version": 0,
          "attributes": {
            "account_id": "bc-serviceaccount",
            "description": "",
            "disabled": false,
            "display_name": "BC Service Account",
            "email": "bc-serviceaccount@fine-bit-361518.iam.gserviceaccount.com",
            "id": "projects/fine-bit-361518/serviceAccounts/bc-serviceaccount@fine-bit-361518.iam.gserviceaccount.com",
            "name": "projects/fine-bit-361518/serviceAccounts/bc-serviceaccount@fine-bit-361518.iam.gserviceaccount.com",
            "project": "fine-bit-361518",
            "timeouts": null,
            "unique_id": "117344498517983626307"
          },
          "sensitive_attributes": [],
          "private": "eyJlMmJmYjczMC1lY2FhLTExZTYtOGY4OC0zNDM2M2JjN2M0YzAiOnsiY3JlYXRlIjozMDAwMDAwMDAwMDB9fQ=="
        }
      ]
    }
  ]
}
