{
  "version": 4,
  "terraform_version": "1.2.8",
  "serial": 13,
  "lineage": "897ca9aa-80e9-6833-96c0-7c9736b1edd5",
  "outputs": {},
  "resources": [
    {
      "mode": "managed",
      "type": "google_compute_network",
      "name": "vpc_network",
      "provider": "provider[\"registry.terraform.io/hashicorp/google\"]",
      "instances": [
        {
          "schema_version": 0,
          "attributes": {
            "auto_create_subnetworks": true,
            "delete_default_routes_on_create": false,
            "description": "",
            "enable_ula_internal_ipv6": false,
            "gateway_ipv4": "",
            "id": "projects/fine-bit-361518/global/networks/bc-network",
            "internal_ipv6_range": "",
            "mtu": 0,
            "name": "bc-network",
            "project": "fine-bit-361518",
            "routing_mode": "REGIONAL",
            "self_link": "https://www.googleapis.com/compute/v1/projects/fine-bit-361518/global/networks/bc-network",
            "timeouts": null
          },
          "sensitive_attributes": [],
          "private": "eyJlMmJmYjczMC1lY2FhLTExZTYtOGY4OC0zNDM2M2JjN2M0YzAiOnsiY3JlYXRlIjoxMjAwMDAwMDAwMDAwLCJkZWxldGUiOjEyMDAwMDAwMDAwMDAsInVwZGF0ZSI6MTIwMDAwMDAwMDAwMH19"
        }
      ]
    },
    {
      "mode": "managed",
      "type": "google_container_node_pool",
      "name": "primary_preemptible_nodes",
      "provider": "provider[\"registry.terraform.io/hashicorp/google\"]",
      "instances": []
    },
    {
      "mode": "managed",
      "type": "google_service_account",
      "name": "nodepool",
      "provider": "provider[\"registry.terraform.io/hashicorp/google\"]",
      "instances": [
        {
          "schema_version": 0,
          "attributes": {
            "account_id": "bc-serviceaccount",
            "description": "",
            "disabled": false,
            "display_name": "BC Service Account",
            "email": "bc-serviceaccount@fine-bit-361518.iam.gserviceaccount.com",
            "id": "projects/fine-bit-361518/serviceAccounts/bc-serviceaccount@fine-bit-361518.iam.gserviceaccount.com",
            "name": "projects/fine-bit-361518/serviceAccounts/bc-serviceaccount@fine-bit-361518.iam.gserviceaccount.com",
            "project": "fine-bit-361518",
            "timeouts": null,
            "unique_id": "117344498517983626307"
          },
          "sensitive_attributes": [],
          "private": "eyJlMmJmYjczMC1lY2FhLTExZTYtOGY4OC0zNDM2M2JjN2M0YzAiOnsiY3JlYXRlIjozMDAwMDAwMDAwMDB9fQ=="
        }
      ]
    }
  ]
}
